// !$*UTF8*$!
{
	archiveVersion = 1;
	classes = {
	};
	objectVersion = 55;
	objects = {

/* Begin PBXBuildFile section */
		BF5C753427AA830A00882E7B /* AppDelegate.swift in Sources */ = {isa = PBXBuildFile; fileRef = BF5C753327AA830A00882E7B /* AppDelegate.swift */; };
		BF5C753627AA830A00882E7B /* SceneDelegate.swift in Sources */ = {isa = PBXBuildFile; fileRef = BF5C753527AA830A00882E7B /* SceneDelegate.swift */; };
		BF5C753827AA830A00882E7B /* InputController.swift in Sources */ = {isa = PBXBuildFile; fileRef = BF5C753727AA830A00882E7B /* InputController.swift */; };
		BF5C753D27AA830B00882E7B /* Assets.xcassets in Resources */ = {isa = PBXBuildFile; fileRef = BF5C753C27AA830B00882E7B /* Assets.xcassets */; };
		BF5C754027AA830B00882E7B /* LaunchScreen.storyboard in Resources */ = {isa = PBXBuildFile; fileRef = BF5C753E27AA830B00882E7B /* LaunchScreen.storyboard */; };
		BF5C754827AA868400882E7B /* LoadXMLController.swift in Sources */ = {isa = PBXBuildFile; fileRef = BF5C754727AA868400882E7B /* LoadXMLController.swift */; };
		BF5C754A27AA994900882E7B /* ConstraintHelper.swift in Sources */ = {isa = PBXBuildFile; fileRef = BF5C754927AA994900882E7B /* ConstraintHelper.swift */; };
		BF5C754F27AAB14D00882E7B /* LoadXMLCell.swift in Sources */ = {isa = PBXBuildFile; fileRef = BF5C754E27AAB14D00882E7B /* LoadXMLCell.swift */; };
/* End PBXBuildFile section */

/* Begin PBXFileReference section */
		BF5C753027AA830A00882E7B /* FetchAndParseXML.app */ = {isa = PBXFileReference; explicitFileType = wrapper.application; includeInIndex = 0; path = FetchAndParseXML.app; sourceTree = BUILT_PRODUCTS_DIR; };
		BF5C753327AA830A00882E7B /* AppDelegate.swift */ = {isa = PBXFileReference; lastKnownFileType = sourcecode.swift; path = AppDelegate.swift; sourceTree = "<group>"; };
		BF5C753527AA830A00882E7B /* SceneDelegate.swift */ = {isa = PBXFileReference; lastKnownFileType = sourcecode.swift; path = SceneDelegate.swift; sourceTree = "<group>"; };
		BF5C753727AA830A00882E7B /* InputController.swift */ = {isa = PBXFileReference; lastKnownFileType = sourcecode.swift; path = InputController.swift; sourceTree = "<group>"; };
		BF5C753C27AA830B00882E7B /* Assets.xcassets */ = {isa = PBXFileReference; lastKnownFileType = folder.assetcatalog; path = Assets.xcassets; sourceTree = "<group>"; };
		BF5C753F27AA830B00882E7B /* Base */ = {isa = PBXFileReference; lastKnownFileType = file.storyboard; name = Base; path = Base.lproj/LaunchScreen.storyboard; sourceTree = "<group>"; };
		BF5C754127AA830B00882E7B /* Info.plist */ = {isa = PBXFileReference; lastKnownFileType = text.plist.xml; path = Info.plist; sourceTree = "<group>"; };
		BF5C754727AA868400882E7B /* LoadXMLController.swift */ = {isa = PBXFileReference; lastKnownFileType = sourcecode.swift; path = LoadXMLController.swift; sourceTree = "<group>"; };
		BF5C754927AA994900882E7B /* ConstraintHelper.swift */ = {isa = PBXFileReference; lastKnownFileType = sourcecode.swift; path = ConstraintHelper.swift; sourceTree = "<group>"; };
		BF5C754E27AAB14D00882E7B /* LoadXMLCell.swift */ = {isa = PBXFileReference; lastKnownFileType = sourcecode.swift; path = LoadXMLCell.swift; sourceTree = "<group>"; };
/* End PBXFileReference section */

/* Begin PBXFrameworksBuildPhase section */
		BF5C752D27AA830A00882E7B /* Frameworks */ = {
			isa = PBXFrameworksBuildPhase;
			buildActionMask = 2147483647;
			files = (
			);
			runOnlyForDeploymentPostprocessing = 0;
		};
/* End PBXFrameworksBuildPhase section */

/* Begin PBXGroup section */
		BF5C752727AA830A00882E7B = {
			isa = PBXGroup;
			children = (
				BF5C753227AA830A00882E7B /* FetchAndParseXML */,
				BF5C753127AA830A00882E7B /* Products */,
			);
			sourceTree = "<group>";
		};
		BF5C753127AA830A00882E7B /* Products */ = {
			isa = PBXGroup;
			children = (
				BF5C753027AA830A00882E7B /* FetchAndParseXML.app */,
			);
			name = Products;
			sourceTree = "<group>";
		};
		BF5C753227AA830A00882E7B /* FetchAndParseXML */ = {
			isa = PBXGroup;
			children = (
				BF5C754C27AAAFE800882E7B /* Project Delegates */,
				BF5C754B27AAAFD800882E7B /* Controller */,
				BF5C754D27AAAFF900882E7B /* Helpers */,
				BF5C753C27AA830B00882E7B /* Assets.xcassets */,
				BF5C753E27AA830B00882E7B /* LaunchScreen.storyboard */,
				BF5C754127AA830B00882E7B /* Info.plist */,
				BF5C755027AAB15700882E7B /* View */,
			);
			path = FetchAndParseXML;
			sourceTree = "<group>";
		};
		BF5C754B27AAAFD800882E7B /* Controller */ = {
			isa = PBXGroup;
			children = (
				BF5C753727AA830A00882E7B /* InputController.swift */,
				BF5C754727AA868400882E7B /* LoadXMLController.swift */,
			);
			path = Controller;
			sourceTree = "<group>";
		};
		BF5C754C27AAAFE800882E7B /* Project Delegates */ = {
			isa = PBXGroup;
			children = (
				BF5C753327AA830A00882E7B /* AppDelegate.swift */,
				BF5C753527AA830A00882E7B /* SceneDelegate.swift */,
			);
			path = "Project Delegates";
			sourceTree = "<group>";
		};
		BF5C754D27AAAFF900882E7B /* Helpers */ = {
			isa = PBXGroup;
			children = (
				BF5C754927AA994900882E7B /* ConstraintHelper.swift */,
			);
			path = Helpers;
			sourceTree = "<group>";
		};
		BF5C755027AAB15700882E7B /* View */ = {
			isa = PBXGroup;
			children = (
				BF5C754E27AAB14D00882E7B /* LoadXMLCell.swift */,
			);
			path = View;
			sourceTree = "<group>";
		};
/* End PBXGroup section */

/* Begin PBXNativeTarget section */
		BF5C752F27AA830A00882E7B /* FetchAndParseXML */ = {
			isa = PBXNativeTarget;
			buildConfigurationList = BF5C754427AA830B00882E7B /* Build configuration list for PBXNativeTarget "FetchAndParseXML" */;
			buildPhases = (
				BF5C752C27AA830A00882E7B /* Sources */,
				BF5C752D27AA830A00882E7B /* Frameworks */,
				BF5C752E27AA830A00882E7B /* Resources */,
			);
			buildRules = (
			);
			dependencies = (
			);
			name = FetchAndParseXML;
			productName = FetchAndParseXML;
			productReference = BF5C753027AA830A00882E7B /* FetchAndParseXML.app */;
			productType = "com.apple.product-type.application";
		};
/* End PBXNativeTarget section */

/* Begin PBXProject section */
		BF5C752827AA830A00882E7B /* Project object */ = {
			isa = PBXProject;
			attributes = {
				BuildIndependentTargetsInParallel = 1;
				LastSwiftUpdateCheck = 1310;
				LastUpgradeCheck = 1310;
				TargetAttributes = {
					BF5C752F27AA830A00882E7B = {
						CreatedOnToolsVersion = 13.1;
					};
				};
			};
			buildConfigurationList = BF5C752B27AA830A00882E7B /* Build configuration list for PBXProject "FetchAndParseXML" */;
			compatibilityVersion = "Xcode 13.0";
			developmentRegion = en;
			hasScannedForEncodings = 0;
			knownRegions = (
				en,
				Base,
			);
			mainGroup = BF5C752727AA830A00882E7B;
			productRefGroup = BF5C753127AA830A00882E7B /* Products */;
			projectDirPath = "";
			projectRoot = "";
			targets = (
				BF5C752F27AA830A00882E7B /* FetchAndParseXML */,
			);
		};
/* End PBXProject section */

/* Begin PBXResourcesBuildPhase section */
		BF5C752E27AA830A00882E7B /* Resources */ = {
			isa = PBXResourcesBuildPhase;
			buildActionMask = 2147483647;
			files = (
				BF5C754027AA830B00882E7B /* LaunchScreen.storyboard in Resources */,
				BF5C753D27AA830B00882E7B /* Assets.xcassets in Resources */,
			);
			runOnlyForDeploymentPostprocessing = 0;
		};
/* End PBXResourcesBuildPhase section */

/* Begin PBXSourcesBuildPhase section */
		BF5C752C27AA830A00882E7B /* Sources */ = {
			isa = PBXSourcesBuildPhase;
			buildActionMask = 2147483647;
			files = (
				BF5C754A27AA994900882E7B /* ConstraintHelper.swift in Sources */,
				BF5C754F27AAB14D00882E7B /* LoadXMLCell.swift in Sources */,
				BF5C753827AA830A00882E7B /* InputController.swift in Sources */,
				BF5C753427AA830A00882E7B /* AppDelegate.swift in Sources */,
				BF5C753627AA830A00882E7B /* SceneDelegate.swift in Sources */,
				BF5C754827AA868400882E7B /* LoadXMLController.swift in Sources */,
			);
			runOnlyForDeploymentPostprocessing = 0;
		};
/* End PBXSourcesBuildPhase section */

/* Begin PBXVariantGroup section */
		BF5C753E27AA830B00882E7B /* LaunchScreen.storyboard */ = {
			isa = PBXVariantGroup;
			children = (
				BF5C753F27AA830B00882E7B /* Base */,
			);
			name = LaunchScreen.storyboard;
			sourceTree = "<group>";
		};
/* End PBXVariantGroup section */

/* Begin XCBuildConfiguration section */
		BF5C754227AA830B00882E7B /* Debug */ = {
			isa = XCBuildConfiguration;
			buildSettings = {
				ALWAYS_SEARCH_USER_PATHS = NO;
				CLANG_ANALYZER_NONNULL = YES;
				CLANG_ANALYZER_NUMBER_OBJECT_CONVERSION = YES_AGGRESSIVE;
				CLANG_CXX_LANGUAGE_STANDARD = "gnu++17";
				CLANG_CXX_LIBRARY = "libc++";
				CLANG_ENABLE_MODULES = YES;
				CLANG_ENABLE_OBJC_ARC = YES;
				CLANG_ENABLE_OBJC_WEAK = YES;
				CLANG_WARN_BLOCK_CAPTURE_AUTORELEASING = YES;
				CLANG_WARN_BOOL_CONVERSION = YES;
				CLANG_WARN_COMMA = YES;
				CLANG_WARN_CONSTANT_CONVERSION = YES;
				CLANG_WARN_DEPRECATED_OBJC_IMPLEMENTATIONS = YES;
				CLANG_WARN_DIRECT_OBJC_ISA_USAGE = YES_ERROR;
				CLANG_WARN_DOCUMENTATION_COMMENTS = YES;
				CLANG_WARN_EMPTY_BODY = YES;
				CLANG_WARN_ENUM_CONVERSION = YES;
				CLANG_WARN_INFINITE_RECURSION = YES;
				CLANG_WARN_INT_CONVERSION = YES;
				CLANG_WARN_NON_LITERAL_NULL_CONVERSION = YES;
				CLANG_WARN_OBJC_IMPLICIT_RETAIN_SELF = YES;
				CLANG_WARN_OBJC_LITERAL_CONVERSION = YES;
				CLANG_WARN_OBJC_ROOT_CLASS = YES_ERROR;
				CLANG_WARN_QUOTED_INCLUDE_IN_FRAMEWORK_HEADER = YES;
				CLANG_WARN_RANGE_LOOP_ANALYSIS = YES;
				CLANG_WARN_STRICT_PROTOTYPES = YES;
				CLANG_WARN_SUSPICIOUS_MOVE = YES;
				CLANG_WARN_UNGUARDED_AVAILABILITY = YES_AGGRESSIVE;
				CLANG_WARN_UNREACHABLE_CODE = YES;
				CLANG_WARN__DUPLICATE_METHOD_MATCH = YES;
				COPY_PHASE_STRIP = NO;
				DEBUG_INFORMATION_FORMAT = dwarf;
				ENABLE_STRICT_OBJC_MSGSEND = YES;
				ENABLE_TESTABILITY = YES;
				GCC_C_LANGUAGE_STANDARD = gnu11;
				GCC_DYNAMIC_NO_PIC = NO;
				GCC_NO_COMMON_BLOCKS = YES;
				GCC_OPTIMIZATION_LEVEL = 0;
				GCC_PREPROCESSOR_DEFINITIONS = (
					"DEBUG=1",
					"$(inherited)",
				);
				GCC_WARN_64_TO_32_BIT_CONVERSION = YES;
				GCC_WARN_ABOUT_RETURN_TYPE = YES_ERROR;
				GCC_WARN_UNDECLARED_SELECTOR = YES;
				GCC_WARN_UNINITIALIZED_AUTOS = YES_AGGRESSIVE;
				GCC_WARN_UNUSED_FUNCTION = YES;
				GCC_WARN_UNUSED_VARIABLE = YES;
				IPHONEOS_DEPLOYMENT_TARGET = 15.0;
				MTL_ENABLE_DEBUG_INFO = INCLUDE_SOURCE;
				MTL_FAST_MATH = YES;
				ONLY_ACTIVE_ARCH = YES;
				SDKROOT = iphoneos;
				SWIFT_ACTIVE_COMPILATION_CONDITIONS = DEBUG;
				SWIFT_OPTIMIZATION_LEVEL = "-Onone";
			};
			name = Debug;
		};
		BF5C754327AA830B00882E7B /* Release */ = {
			isa = XCBuildConfiguration;
			buildSettings = {
				ALWAYS_SEARCH_USER_PATHS = NO;
				CLANG_ANALYZER_NONNULL = YES;
				CLANG_ANALYZER_NUMBER_OBJECT_CONVERSION = YES_AGGRESSIVE;
				CLANG_CXX_LANGUAGE_STANDARD = "gnu++17";
				CLANG_CXX_LIBRARY = "libc++";
				CLANG_ENABLE_MODULES = YES;
				CLANG_ENABLE_OBJC_ARC = YES;
				CLANG_ENABLE_OBJC_WEAK = YES;
				CLANG_WARN_BLOCK_CAPTURE_AUTORELEASING = YES;
				CLANG_WARN_BOOL_CONVERSION = YES;
				CLANG_WARN_COMMA = YES;
				CLANG_WARN_CONSTANT_CONVERSION = YES;
				CLANG_WARN_DEPRECATED_OBJC_IMPLEMENTATIONS = YES;
				CLANG_WARN_DIRECT_OBJC_ISA_USAGE = YES_ERROR;
				CLANG_WARN_DOCUMENTATION_COMMENTS = YES;
				CLANG_WARN_EMPTY_BODY = YES;
				CLANG_WARN_ENUM_CONVERSION = YES;
				CLANG_WARN_INFINITE_RECURSION = YES;
				CLANG_WARN_INT_CONVERSION = YES;
				CLANG_WARN_NON_LITERAL_NULL_CONVERSION = YES;
				CLANG_WARN_OBJC_IMPLICIT_RETAIN_SELF = YES;
				CLANG_WARN_OBJC_LITERAL_CONVERSION = YES;
				CLANG_WARN_OBJC_ROOT_CLASS = YES_ERROR;
				CLANG_WARN_QUOTED_INCLUDE_IN_FRAMEWORK_HEADER = YES;
				CLANG_WARN_RANGE_LOOP_ANALYSIS = YES;
				CLANG_WARN_STRICT_PROTOTYPES = YES;
				CLANG_WARN_SUSPICIOUS_MOVE = YES;
				CLANG_WARN_UNGUARDED_AVAILABILITY = YES_AGGRESSIVE;
				CLANG_WARN_UNREACHABLE_CODE = YES;
				CLANG_WARN__DUPLICATE_METHOD_MATCH = YES;
				COPY_PHASE_STRIP = NO;
				DEBUG_INFORMATION_FORMAT = "dwarf-with-dsym";
				ENABLE_NS_ASSERTIONS = NO;
				ENABLE_STRICT_OBJC_MSGSEND = YES;
				GCC_C_LANGUAGE_STANDARD = gnu11;
				GCC_NO_COMMON_BLOCKS = YES;
				GCC_WARN_64_TO_32_BIT_CONVERSION = YES;
				GCC_WARN_ABOUT_RETURN_TYPE = YES_ERROR;
				GCC_WARN_UNDECLARED_SELECTOR = YES;
				GCC_WARN_UNINITIALIZED_AUTOS = YES_AGGRESSIVE;
				GCC_WARN_UNUSED_FUNCTION = YES;
				GCC_WARN_UNUSED_VARIABLE = YES;
				IPHONEOS_DEPLOYMENT_TARGET = 15.0;
				MTL_ENABLE_DEBUG_INFO = NO;
				MTL_FAST_MATH = YES;
				SDKROOT = iphoneos;
				SWIFT_COMPILATION_MODE = wholemodule;
				SWIFT_OPTIMIZATION_LEVEL = "-O";
				VALIDATE_PRODUCT = YES;
			};
			name = Release;
		};
		BF5C754527AA830B00882E7B /* Debug */ = {
			isa = XCBuildConfiguration;
			buildSettings = {
				ASSETCATALOG_COMPILER_APPICON_NAME = AppIcon;
				ASSETCATALOG_COMPILER_GLOBAL_ACCENT_COLOR_NAME = AccentColor;
				CODE_SIGN_STYLE = Automatic;
				CURRENT_PROJECT_VERSION = 1;
				GENERATE_INFOPLIST_FILE = YES;
				INFOPLIST_FILE = FetchAndParseXML/Info.plist;
				INFOPLIST_KEY_UIApplicationSupportsIndirectInputEvents = YES;
				INFOPLIST_KEY_UILaunchStoryboardName = LaunchScreen;
				INFOPLIST_KEY_UIMainStoryboardFile = LaunchScreen;
				INFOPLIST_KEY_UISupportedInterfaceOrientations_iPad = "UIInterfaceOrientationPortrait UIInterfaceOrientationPortraitUpsideDown UIInterfaceOrientationLandscapeLeft UIInterfaceOrientationLandscapeRight";
				INFOPLIST_KEY_UISupportedInterfaceOrientations_iPhone = "UIInterfaceOrientationPortrait UIInterfaceOrientationLandscapeLeft UIInterfaceOrientationLandscapeRight";
				LD_RUNPATH_SEARCH_PATHS = (
					"$(inherited)",
					"@executable_path/Frameworks",
				);
				MARKETING_VERSION = 1.0;
				PRODUCT_BUNDLE_IDENTIFIER = shank.FetchAndParseXML;
				PRODUCT_NAME = "$(TARGET_NAME)";
				SWIFT_EMIT_LOC_STRINGS = YES;
				SWIFT_VERSION = 5.0;
				TARGETED_DEVICE_FAMILY = "1,2";
			};
			name = Debug;
		};
		BF5C754627AA830B00882E7B /* Release */ = {
			isa = XCBuildConfiguration;
			buildSettings = {
				ASSETCATALOG_COMPILER_APPICON_NAME = AppIcon;
				ASSETCATALOG_COMPILER_GLOBAL_ACCENT_COLOR_NAME = AccentColor;
				CODE_SIGN_STYLE = Automatic;
				CURRENT_PROJECT_VERSION = 1;
				GENERATE_INFOPLIST_FILE = YES;
				INFOPLIST_FILE = FetchAndParseXML/Info.plist;
				INFOPLIST_KEY_UIApplicationSupportsIndirectInputEvents = YES;
				INFOPLIST_KEY_UILaunchStoryboardName = LaunchScreen;
				INFOPLIST_KEY_UIMainStoryboardFile = LaunchScreen;
				INFOPLIST_KEY_UISupportedInterfaceOrientations_iPad = "UIInterfaceOrientationPortrait UIInterfaceOrientationPortraitUpsideDown UIInterfaceOrientationLandscapeLeft UIInterfaceOrientationLandscapeRight";
				INFOPLIST_KEY_UISupportedInterfaceOrientations_iPhone = "UIInterfaceOrientationPortrait UIInterfaceOrientationLandscapeLeft UIInterfaceOrientationLandscapeRight";
				LD_RUNPATH_SEARCH_PATHS = (
					"$(inherited)",
					"@executable_path/Frameworks",
				);
				MARKETING_VERSION = 1.0;
				PRODUCT_BUNDLE_IDENTIFIER = shank.FetchAndParseXML;
				PRODUCT_NAME = "$(TARGET_NAME)";
				SWIFT_EMIT_LOC_STRINGS = YES;
				SWIFT_VERSION = 5.0;
				TARGETED_DEVICE_FAMILY = "1,2";
			};
			name = Release;
		};
/* End XCBuildConfiguration section */

/* Begin XCConfigurationList section */
		BF5C752B27AA830A00882E7B /* Build configuration list for PBXProject "FetchAndParseXML" */ = {
			isa = XCConfigurationList;
			buildConfigurations = (
				BF5C754227AA830B00882E7B /* Debug */,
				BF5C754327AA830B00882E7B /* Release */,
			);
			defaultConfigurationIsVisible = 0;
			defaultConfigurationName = Release;
		};
		BF5C754427AA830B00882E7B /* Build configuration list for PBXNativeTarget "FetchAndParseXML" */ = {
			isa = XCConfigurationList;
			buildConfigurations = (
				BF5C754527AA830B00882E7B /* Debug */,
				BF5C754627AA830B00882E7B /* Release */,
			);
			defaultConfigurationIsVisible = 0;
			defaultConfigurationName = Release;
		};
/* End XCConfigurationList section */
	};
	rootObject = BF5C752827AA830A00882E7B /* Project object */;
}
